
Microsoft Visual Studio Solution File, Format Version 12.00
# Visual Studio Version 16
VisualStudioVersion = 16.0.30104.148
MinimumVisualStudioVersion = 10.0.40219.1
Project("{9A19103F-16F7-4668-BE54-9A1E7A4F7556}") = "codenation.stone.data", "codenation.stone.data\codenation.stone.data.csproj", "{D7B63D0B-CD44-47EC-9BA0-74787FD6A78A}"
EndProject
Project("{FAE04EC0-301F-11D3-BF4B-00C04F79EFBC}") = "ClassLibrary1", "ClassLibrary1\ClassLibrary1.csproj", "{A61C6F7F-3594-4B4C-8D92-6A068C03B20A}"
EndProject
Global
	GlobalSection(SolutionConfigurationPlatforms) = preSolution
		Debug|Any CPU = Debug|Any CPU
		Release|Any CPU = Release|Any CPU
	EndGlobalSection
	GlobalSection(ProjectConfigurationPlatforms) = postSolution
		{D7B63D0B-CD44-47EC-9BA0-74787FD6A78A}.Debug|Any CPU.ActiveCfg = Debug|Any CPU
		{D7B63D0B-CD44-47EC-9BA0-74787FD6A78A}.Debug|Any CPU.Build.0 = Debug|Any CPU
		{D7B63D0B-CD44-47EC-9BA0-74787FD6A78A}.Release|Any CPU.ActiveCfg = Release|Any CPU
		{D7B63D0B-CD44-47EC-9BA0-74787FD6A78A}.Release|Any CPU.Build.0 = Release|Any CPU
		{A61C6F7F-3594-4B4C-8D92-6A068C03B20A}.Debug|Any CPU.ActiveCfg = Debug|Any CPU
		{A61C6F7F-3594-4B4C-8D92-6A068C03B20A}.Debug|Any CPU.Build.0 = Debug|Any CPU
		{A61C6F7F-3594-4B4C-8D92-6A068C03B20A}.Release|Any CPU.ActiveCfg = Release|Any CPU
		{A61C6F7F-3594-4B4C-8D92-6A068C03B20A}.Release|Any CPU.Build.0 = Release|Any CPU
	EndGlobalSection
	GlobalSection(SolutionProperties) = preSolution
		HideSolutionNode = FALSE
	EndGlobalSection
	GlobalSection(ExtensibilityGlobals) = postSolution
		SolutionGuid = {0CB1323D-593F-4CD6-9A50-12F413DE1D7B}
	EndGlobalSection
EndGlobal
